
Microsoft Visual Studio Solution File, Format Version 11.00
# Visual C++ Express 2010
Project("{8BC9CEB8-8B4A-11D0-8D11-00A0C91BC942}") = "tvhgooglemapi", "tvhgooglemapi\tvhgooglemapi.vcxproj", "{0C307EA1-8166-4DD4-A2A9-B5E8B485C253}"
EndProject
Global
	GlobalSection(SolutionConfigurationPlatforms) = preSolution
		Debug|Win32 = Debug|Win32
		Release|Win32 = Release|Win32
	EndGlobalSection
	GlobalSection(ProjectConfigurationPlatforms) = postSolution
		{0C307EA1-8166-4DD4-A2A9-B5E8B485C253}.Debug|Win32.ActiveCfg = Debug|Win32
		{0C307EA1-8166-4DD4-A2A9-B5E8B485C253}.Debug|Win32.Build.0 = Debug|Win32
		{0C307EA1-8166-4DD4-A2A9-B5E8B485C253}.Release|Win32.ActiveCfg = Release|Win32
		{0C307EA1-8166-4DD4-A2A9-B5E8B485C253}.Release|Win32.Build.0 = Release|Win32
	EndGlobalSection
	GlobalSection(SolutionProperties) = preSolution
		HideSolutionNode = FALSE
	EndGlobalSection
EndGlobal
